
Microsoft Visual Studio Solution File, Format Version 12.00
# Visual Studio Version 16
VisualStudioVersion = 16.0.30114.128
MinimumVisualStudioVersion = 10.0.40219.1
Project("{9A19103F-16F7-4668-BE54-9A1E7A4F7556}") = "gitversiontest", "src\mylib\gitversiontest.csproj", "{8A47D29A-98E2-4ED0-BA9A-0EA2BD4C3477}"
EndProject
Global
	GlobalSection(SolutionConfigurationPlatforms) = preSolution
		Debug|Any CPU = Debug|Any CPU
		Release|Any CPU = Release|Any CPU
	EndGlobalSection
	GlobalSection(ProjectConfigurationPlatforms) = postSolution
		{8A47D29A-98E2-4ED0-BA9A-0EA2BD4C3477}.Debug|Any CPU.ActiveCfg = Debug|Any CPU
		{8A47D29A-98E2-4ED0-BA9A-0EA2BD4C3477}.Debug|Any CPU.Build.0 = Debug|Any CPU
		{8A47D29A-98E2-4ED0-BA9A-0EA2BD4C3477}.Release|Any CPU.ActiveCfg = Release|Any CPU
		{8A47D29A-98E2-4ED0-BA9A-0EA2BD4C3477}.Release|Any CPU.Build.0 = Release|Any CPU
	EndGlobalSection
	GlobalSection(SolutionProperties) = preSolution
		HideSolutionNode = FALSE
	EndGlobalSection
	GlobalSection(ExtensibilityGlobals) = postSolution
		SolutionGuid = {294300EC-AA3C-441A-A8CC-C6DC311D585C}
	EndGlobalSection
EndGlobal
